// !$*UTF8*$!
{
	archiveVersion = 1;
	classes = {
	};
	objectVersion = 46;
	objects = {

/* Begin PBXBuildFile section */
		5F0EA3901D03801800D36C8F /* adb in Resources */ = {isa = PBXBuildFile; fileRef = 5F0EA38F1D03801800D36C8F /* adb */; };
		5FBDC02F1D02C8C8009FFBFE /* AppDelegate.swift in Sources */ = {isa = PBXBuildFile; fileRef = 5FBDC02E1D02C8C8009FFBFE /* AppDelegate.swift */; };
		5FBDC0311D02C8C8009FFBFE /* ViewController.swift in Sources */ = {isa = PBXBuildFile; fileRef = 5FBDC0301D02C8C8009FFBFE /* ViewController.swift */; };
		5FBDC0331D02C8C8009FFBFE /* Assets.xcassets in Resources */ = {isa = PBXBuildFile; fileRef = 5FBDC0321D02C8C8009FFBFE /* Assets.xcassets */; };
		5FBDC0361D02C8C8009FFBFE /* Main.storyboard in Resources */ = {isa = PBXBuildFile; fileRef = 5FBDC0341D02C8C8009FFBFE /* Main.storyboard */; };
/* End PBXBuildFile section */

/* Begin PBXFileReference section */
		5F0EA38F1D03801800D36C8F /* adb */ = {isa = PBXFileReference; lastKnownFileType = "compiled.mach-o.executable"; path = adb; sourceTree = "<group>"; };
		5FBDC02B1D02C8C8009FFBFE /* ADB Date Changer.app */ = {isa = PBXFileReference; explicitFileType = wrapper.application; includeInIndex = 0; path = "ADB Date Changer.app"; sourceTree = BUILT_PRODUCTS_DIR; };
		5FBDC02E1D02C8C8009FFBFE /* AppDelegate.swift */ = {isa = PBXFileReference; lastKnownFileType = sourcecode.swift; path = AppDelegate.swift; sourceTree = "<group>"; };
		5FBDC0301D02C8C8009FFBFE /* ViewController.swift */ = {isa = PBXFileReference; lastKnownFileType = sourcecode.swift; path = ViewController.swift; sourceTree = "<group>"; };
		5FBDC0321D02C8C8009FFBFE /* Assets.xcassets */ = {isa = PBXFileReference; lastKnownFileType = folder.assetcatalog; path = Assets.xcassets; sourceTree = "<group>"; };
		5FBDC0351D02C8C8009FFBFE /* Base */ = {isa = PBXFileReference; lastKnownFileType = file.storyboard; name = Base; path = Base.lproj/Main.storyboard; sourceTree = "<group>"; };
		5FBDC0371D02C8C8009FFBFE /* Info.plist */ = {isa = PBXFileReference; lastKnownFileType = text.plist.xml; path = Info.plist; sourceTree = "<group>"; };
/* End PBXFileReference section */

/* Begin PBXFrameworksBuildPhase section */
		5FBDC0281D02C8C7009FFBFE /* Frameworks */ = {
			isa = PBXFrameworksBuildPhase;
			buildActionMask = 2147483647;
			files = (
			);
			runOnlyForDeploymentPostprocessing = 0;
		};
/* End PBXFrameworksBuildPhase section */

/* Begin PBXGroup section */
		5FBDC0221D02C8C7009FFBFE = {
			isa = PBXGroup;
			children = (
				5FBDC02D1D02C8C8009FFBFE /* ADB Date Changer */,
				5FBDC02C1D02C8C8009FFBFE /* Products */,
			);
			sourceTree = "<group>";
		};
		5FBDC02C1D02C8C8009FFBFE /* Products */ = {
			isa = PBXGroup;
			children = (
				5FBDC02B1D02C8C8009FFBFE /* ADB Date Changer.app */,
			);
			name = Products;
			sourceTree = "<group>";
		};
		5FBDC02D1D02C8C8009FFBFE /* ADB Date Changer */ = {
			isa = PBXGroup;
			children = (
				5FBDC02E1D02C8C8009FFBFE /* AppDelegate.swift */,
				5F0EA38F1D03801800D36C8F /* adb */,
				5FBDC0301D02C8C8009FFBFE /* ViewController.swift */,
				5FBDC0321D02C8C8009FFBFE /* Assets.xcassets */,
				5FBDC0341D02C8C8009FFBFE /* Main.storyboard */,
				5FBDC0371D02C8C8009FFBFE /* Info.plist */,
			);
			path = "ADB Date Changer";
			sourceTree = "<group>";
		};
/* End PBXGroup section */

/* Begin PBXNativeTarget section */
		5FBDC02A1D02C8C7009FFBFE /* ADB Date Changer */ = {
			isa = PBXNativeTarget;
			buildConfigurationList = 5FBDC03A1D02C8C8009FFBFE /* Build configuration list for PBXNativeTarget "ADB Date Changer" */;
			buildPhases = (
				5FBDC0271D02C8C7009FFBFE /* Sources */,
				5FBDC0281D02C8C7009FFBFE /* Frameworks */,
				5FBDC0291D02C8C7009FFBFE /* Resources */,
			);
			buildRules = (
			);
			dependencies = (
			);
			name = "ADB Date Changer";
			productName = "ADB Date Changer";
			productReference = 5FBDC02B1D02C8C8009FFBFE /* ADB Date Changer.app */;
			productType = "com.apple.product-type.application";
		};
/* End PBXNativeTarget section */

/* Begin PBXProject section */
		5FBDC0231D02C8C7009FFBFE /* Project object */ = {
			isa = PBXProject;
			attributes = {
				LastSwiftUpdateCheck = 0730;
				LastUpgradeCheck = 0730;
				ORGANIZATIONNAME = Vitovalov;
				TargetAttributes = {
					5FBDC02A1D02C8C7009FFBFE = {
						CreatedOnToolsVersion = 7.3.1;
					};
				};
			};
			buildConfigurationList = 5FBDC0261D02C8C7009FFBFE /* Build configuration list for PBXProject "ADB Date Changer" */;
			compatibilityVersion = "Xcode 3.2";
			developmentRegion = English;
			hasScannedForEncodings = 0;
			knownRegions = (
				en,
				Base,
			);
			mainGroup = 5FBDC0221D02C8C7009FFBFE;
			productRefGroup = 5FBDC02C1D02C8C8009FFBFE /* Products */;
			projectDirPath = "";
			projectRoot = "";
			targets = (
				5FBDC02A1D02C8C7009FFBFE /* ADB Date Changer */,
			);
		};
/* End PBXProject section */

/* Begin PBXResourcesBuildPhase section */
		5FBDC0291D02C8C7009FFBFE /* Resources */ = {
			isa = PBXResourcesBuildPhase;
			buildActionMask = 2147483647;
			files = (
				5F0EA3901D03801800D36C8F /* adb in Resources */,
				5FBDC0331D02C8C8009FFBFE /* Assets.xcassets in Resources */,
				5FBDC0361D02C8C8009FFBFE /* Main.storyboard in Resources */,
			);
			runOnlyForDeploymentPostprocessing = 0;
		};
/* End PBXResourcesBuildPhase section */

/* Begin PBXSourcesBuildPhase section */
		5FBDC0271D02C8C7009FFBFE /* Sources */ = {
			isa = PBXSourcesBuildPhase;
			buildActionMask = 2147483647;
			files = (
				5FBDC0311D02C8C8009FFBFE /* ViewController.swift in Sources */,
				5FBDC02F1D02C8C8009FFBFE /* AppDelegate.swift in Sources */,
			);
			runOnlyForDeploymentPostprocessing = 0;
		};
/* End PBXSourcesBuildPhase section */

/* Begin PBXVariantGroup section */
		5FBDC0341D02C8C8009FFBFE /* Main.storyboard */ = {
			isa = PBXVariantGroup;
			children = (
				5FBDC0351D02C8C8009FFBFE /* Base */,
			);
			name = Main.storyboard;
			sourceTree = "<group>";
		};
/* End PBXVariantGroup section */

/* Begin XCBuildConfiguration section */
		5FBDC0381D02C8C8009FFBFE /* Debug */ = {
			isa = XCBuildConfiguration;
			buildSettings = {
				ALWAYS_SEARCH_USER_PATHS = NO;
				CLANG_ANALYZER_NONNULL = YES;
				CLANG_CXX_LANGUAGE_STANDARD = "gnu++0x";
				CLANG_CXX_LIBRARY = "libc++";
				CLANG_ENABLE_MODULES = YES;
				CLANG_ENABLE_OBJC_ARC = YES;
				CLANG_WARN_BOOL_CONVERSION = YES;
				CLANG_WARN_CONSTANT_CONVERSION = YES;
				CLANG_WARN_DIRECT_OBJC_ISA_USAGE = YES_ERROR;
				CLANG_WARN_EMPTY_BODY = YES;
				CLANG_WARN_ENUM_CONVERSION = YES;
				CLANG_WARN_INT_CONVERSION = YES;
				CLANG_WARN_OBJC_ROOT_CLASS = YES_ERROR;
				CLANG_WARN_UNREACHABLE_CODE = YES;
				CLANG_WARN__DUPLICATE_METHOD_MATCH = YES;
				CODE_SIGN_IDENTITY = "-";
				COPY_PHASE_STRIP = NO;
				DEBUG_INFORMATION_FORMAT = dwarf;
				ENABLE_STRICT_OBJC_MSGSEND = YES;
				ENABLE_TESTABILITY = YES;
				GCC_C_LANGUAGE_STANDARD = gnu99;
				GCC_DYNAMIC_NO_PIC = NO;
				GCC_NO_COMMON_BLOCKS = YES;
				GCC_OPTIMIZATION_LEVEL = 0;
				GCC_PREPROCESSOR_DEFINITIONS = (
					"DEBUG=1",
					"$(inherited)",
				);
				GCC_WARN_64_TO_32_BIT_CONVERSION = YES;
				GCC_WARN_ABOUT_RETURN_TYPE = YES_ERROR;
				GCC_WARN_UNDECLARED_SELECTOR = YES;
				GCC_WARN_UNINITIALIZED_AUTOS = YES_AGGRESSIVE;
				GCC_WARN_UNUSED_FUNCTION = YES;
				GCC_WARN_UNUSED_VARIABLE = YES;
				MACOSX_DEPLOYMENT_TARGET = 10.11;
				MTL_ENABLE_DEBUG_INFO = YES;
				ONLY_ACTIVE_ARCH = YES;
				SDKROOT = macosx;
				SWIFT_OPTIMIZATION_LEVEL = "-Onone";
			};
			name = Debug;
		};
		5FBDC0391D02C8C8009FFBFE /* Release */ = {
			isa = XCBuildConfiguration;
			buildSettings = {
				ALWAYS_SEARCH_USER_PATHS = NO;
				CLANG_ANALYZER_NONNULL = YES;
				CLANG_CXX_LANGUAGE_STANDARD = "gnu++0x";
				CLANG_CXX_LIBRARY = "libc++";
				CLANG_ENABLE_MODULES = YES;
				CLANG_ENABLE_OBJC_ARC = YES;
				CLANG_WARN_BOOL_CONVERSION = YES;
				CLANG_WARN_CONSTANT_CONVERSION = YES;
				CLANG_WARN_DIRECT_OBJC_ISA_USAGE = YES_ERROR;
				CLANG_WARN_EMPTY_BODY = YES;
				CLANG_WARN_ENUM_CONVERSION = YES;
				CLANG_WARN_INT_CONVERSION = YES;
				CLANG_WARN_OBJC_ROOT_CLASS = YES_ERROR;
				CLANG_WARN_UNREACHABLE_CODE = YES;
				CLANG_WARN__DUPLICATE_METHOD_MATCH = YES;
				CODE_SIGN_IDENTITY = "-";
				COPY_PHASE_STRIP = NO;
				DEBUG_INFORMATION_FORMAT = "dwarf-with-dsym";
				ENABLE_NS_ASSERTIONS = NO;
				ENABLE_STRICT_OBJC_MSGSEND = YES;
				GCC_C_LANGUAGE_STANDARD = gnu99;
				GCC_NO_COMMON_BLOCKS = YES;
				GCC_WARN_64_TO_32_BIT_CONVERSION = YES;
				GCC_WARN_ABOUT_RETURN_TYPE = YES_ERROR;
				GCC_WARN_UNDECLARED_SELECTOR = YES;
				GCC_WARN_UNINITIALIZED_AUTOS = YES_AGGRESSIVE;
				GCC_WARN_UNUSED_FUNCTION = YES;
				GCC_WARN_UNUSED_VARIABLE = YES;
				MACOSX_DEPLOYMENT_TARGET = 10.11;
				MTL_ENABLE_DEBUG_INFO = NO;
				SDKROOT = macosx;
			};
			name = Release;
		};
		5FBDC03B1D02C8C8009FFBFE /* Debug */ = {
			isa = XCBuildConfiguration;
			buildSettings = {
				ASSETCATALOG_COMPILER_APPICON_NAME = AppIcon;
				COMBINE_HIDPI_IMAGES = YES;
				INFOPLIST_FILE = "ADB Date Changer/Info.plist";
				LD_RUNPATH_SEARCH_PATHS = "$(inherited) @executable_path/../Frameworks";
				MACOSX_DEPLOYMENT_TARGET = 10.10;
				PRODUCT_BUNDLE_IDENTIFIER = "com.vitovalov.ADB-Date-Changer";
				PRODUCT_NAME = "$(TARGET_NAME)";
			};
			name = Debug;
		};
		5FBDC03C1D02C8C8009FFBFE /* Release */ = {
			isa = XCBuildConfiguration;
			buildSettings = {
				ASSETCATALOG_COMPILER_APPICON_NAME = AppIcon;
				COMBINE_HIDPI_IMAGES = YES;
				INFOPLIST_FILE = "ADB Date Changer/Info.plist";
				LD_RUNPATH_SEARCH_PATHS = "$(inherited) @executable_path/../Frameworks";
				MACOSX_DEPLOYMENT_TARGET = 10.10;
				PRODUCT_BUNDLE_IDENTIFIER = "com.vitovalov.ADB-Date-Changer";
				PRODUCT_NAME = "$(TARGET_NAME)";
			};
			name = Release;
		};
/* End XCBuildConfiguration section */

/* Begin XCConfigurationList section */
		5FBDC0261D02C8C7009FFBFE /* Build configuration list for PBXProject "ADB Date Changer" */ = {
			isa = XCConfigurationList;
			buildConfigurations = (
				5FBDC0381D02C8C8009FFBFE /* Debug */,
				5FBDC0391D02C8C8009FFBFE /* Release */,
			);
			defaultConfigurationIsVisible = 0;
			defaultConfigurationName = Release;
		};
		5FBDC03A1D02C8C8009FFBFE /* Build configuration list for PBXNativeTarget "ADB Date Changer" */ = {
			isa = XCConfigurationList;
			buildConfigurations = (
				5FBDC03B1D02C8C8009FFBFE /* Debug */,
				5FBDC03C1D02C8C8009FFBFE /* Release */,
			);
			defaultConfigurationIsVisible = 0;
			defaultConfigurationName = Release;
		};
/* End XCConfigurationList section */
	};
	rootObject = 5FBDC0231D02C8C7009FFBFE /* Project object */;
}
